{
  "requires": true,
  "lockfileVersion": 1,
  "dependencies": {
    "react-native-geocoding": {
      "version": "0.4.0",
      "resolved": "https://registry.npmjs.org/react-native-geocoding/-/react-native-geocoding-0.4.0.tgz",
      "integrity": "sha512-iXIqdLHDGVyhWLJyWGRFRdvQa3hDQoCX4MLwKA9zja3gQxZ91v51CLGrbvxCckOGzoxu2/WA6e8TM74rrPxlsA=="
    }
  }
}
